
Microsoft Visual Studio Solution File, Format Version 12.00
# Visual Studio 14
VisualStudioVersion = 14.0.25420.1
MinimumVisualStudioVersion = 10.0.40219.1
Project("{FAE04EC0-301F-11D3-BF4B-00C04F79EFBC}") = "AccessoriesStore.Web", "Web\AccessoriesStore.Web.csproj", "{975BAD49-4AA0-4DEA-A69C-5CB78E5B0EF9}"
EndProject
Project("{FAE04EC0-301F-11D3-BF4B-00C04F79EFBC}") = "AccessoriesStore.Domain", "Domain\AccessoriesStore.Domain.csproj", "{C3EB812F-1B60-4373-8EF3-24B0DC467D41}"
EndProject
Global
	GlobalSection(SolutionConfigurationPlatforms) = preSolution
		Debug|Any CPU = Debug|Any CPU
		Release|Any CPU = Release|Any CPU
	EndGlobalSection
	GlobalSection(ProjectConfigurationPlatforms) = postSolution
		{975BAD49-4AA0-4DEA-A69C-5CB78E5B0EF9}.Debug|Any CPU.ActiveCfg = Debug|Any CPU
		{975BAD49-4AA0-4DEA-A69C-5CB78E5B0EF9}.Debug|Any CPU.Build.0 = Debug|Any CPU
		{975BAD49-4AA0-4DEA-A69C-5CB78E5B0EF9}.Release|Any CPU.ActiveCfg = Release|Any CPU
		{975BAD49-4AA0-4DEA-A69C-5CB78E5B0EF9}.Release|Any CPU.Build.0 = Release|Any CPU
		{C3EB812F-1B60-4373-8EF3-24B0DC467D41}.Debug|Any CPU.ActiveCfg = Debug|Any CPU
		{C3EB812F-1B60-4373-8EF3-24B0DC467D41}.Debug|Any CPU.Build.0 = Debug|Any CPU
		{C3EB812F-1B60-4373-8EF3-24B0DC467D41}.Release|Any CPU.ActiveCfg = Release|Any CPU
		{C3EB812F-1B60-4373-8EF3-24B0DC467D41}.Release|Any CPU.Build.0 = Release|Any CPU
	EndGlobalSection
	GlobalSection(SolutionProperties) = preSolution
		HideSolutionNode = FALSE
	EndGlobalSection
EndGlobal
